
Microsoft Visual Studio Solution File, Format Version 12.00
# Visual Studio Version 16
VisualStudioVersion = 16.0.32901.82
MinimumVisualStudioVersion = 10.0.40219.1
Project("{FAE04EC0-301F-11D3-BF4B-00C04F79EFBC}") = "UserMaintence", "UserMaintence\UserMaintence.csproj", "{0470FF50-0860-4C98-B306-583979817F68}"
EndProject
Global
	GlobalSection(SolutionConfigurationPlatforms) = preSolution
		Debug|Any CPU = Debug|Any CPU
		Release|Any CPU = Release|Any CPU
	EndGlobalSection
	GlobalSection(ProjectConfigurationPlatforms) = postSolution
		{0470FF50-0860-4C98-B306-583979817F68}.Debug|Any CPU.ActiveCfg = Debug|Any CPU
		{0470FF50-0860-4C98-B306-583979817F68}.Debug|Any CPU.Build.0 = Debug|Any CPU
		{0470FF50-0860-4C98-B306-583979817F68}.Release|Any CPU.ActiveCfg = Release|Any CPU
		{0470FF50-0860-4C98-B306-583979817F68}.Release|Any CPU.Build.0 = Release|Any CPU
	EndGlobalSection
	GlobalSection(SolutionProperties) = preSolution
		HideSolutionNode = FALSE
	EndGlobalSection
	GlobalSection(ExtensibilityGlobals) = postSolution
		SolutionGuid = {B47632A8-E9D7-4973-B294-031A45DF156B}
	EndGlobalSection
EndGlobal
